
Microsoft Visual Studio Solution File, Format Version 12.00
# Visual Studio Version 17
VisualStudioVersion = 17.5.001.0
MinimumVisualStudioVersion = 10.0.40219.1
Project("{9A19103F-16F7-4668-BE54-9A1E7A4F7556}") = "23_6_2023_OOP", "23_6_2023_OOP.csproj", "{24CA2640-800A-457E-AC6C-EE8416EDC7B3}"
EndProject
Global
	GlobalSection(SolutionConfigurationPlatforms) = preSolution
		Debug|Any CPU = Debug|Any CPU
		Release|Any CPU = Release|Any CPU
	EndGlobalSection
	GlobalSection(ProjectConfigurationPlatforms) = postSolution
		{24CA2640-800A-457E-AC6C-EE8416EDC7B3}.Debug|Any CPU.ActiveCfg = Debug|Any CPU
		{24CA2640-800A-457E-AC6C-EE8416EDC7B3}.Debug|Any CPU.Build.0 = Debug|Any CPU
		{24CA2640-800A-457E-AC6C-EE8416EDC7B3}.Release|Any CPU.ActiveCfg = Release|Any CPU
		{24CA2640-800A-457E-AC6C-EE8416EDC7B3}.Release|Any CPU.Build.0 = Release|Any CPU
	EndGlobalSection
	GlobalSection(SolutionProperties) = preSolution
		HideSolutionNode = FALSE
	EndGlobalSection
	GlobalSection(ExtensibilityGlobals) = postSolution
		SolutionGuid = {5D4CF137-3FCB-4B86-8473-87D6355F507F}
	EndGlobalSection
EndGlobal
